
Microsoft Visual Studio Solution File, Format Version 12.00
# Visual Studio Version 16
VisualStudioVersion = 16.0.29306.81
MinimumVisualStudioVersion = 10.0.40219.1
Project("{FAE04EC0-301F-11D3-BF4B-00C04F79EFBC}") = "Лабараторная", "Лабараторная\Лабараторная.csproj", "{C0CA25A9-16BC-4221-B950-ED9F21B4FDF8}"
EndProject
Global
	GlobalSection(SolutionConfigurationPlatforms) = preSolution
		Debug|Any CPU = Debug|Any CPU
		Release|Any CPU = Release|Any CPU
	EndGlobalSection
	GlobalSection(ProjectConfigurationPlatforms) = postSolution
		{C0CA25A9-16BC-4221-B950-ED9F21B4FDF8}.Debug|Any CPU.ActiveCfg = Debug|Any CPU
		{C0CA25A9-16BC-4221-B950-ED9F21B4FDF8}.Debug|Any CPU.Build.0 = Debug|Any CPU
		{C0CA25A9-16BC-4221-B950-ED9F21B4FDF8}.Release|Any CPU.ActiveCfg = Release|Any CPU
		{C0CA25A9-16BC-4221-B950-ED9F21B4FDF8}.Release|Any CPU.Build.0 = Release|Any CPU
	EndGlobalSection
	GlobalSection(SolutionProperties) = preSolution
		HideSolutionNode = FALSE
	EndGlobalSection
	GlobalSection(ExtensibilityGlobals) = postSolution
		SolutionGuid = {19047784-EA51-4C96-AEB1-A4C90BFF3015}
	EndGlobalSection
EndGlobal
